
Microsoft Visual Studio Solution File, Format Version 12.00
# Visual Studio 2012
Project("{FAE04EC0-301F-11D3-BF4B-00C04F79EFBC}") = "WCFSelfHosted", "WCFSelfHosted\WCFSelfHosted.csproj", "{EB493939-390A-4D0E-B7E0-910B49D715DD}"
EndProject
Global
	GlobalSection(SolutionConfigurationPlatforms) = preSolution
		Debug|Any CPU = Debug|Any CPU
		Release|Any CPU = Release|Any CPU
	EndGlobalSection
	GlobalSection(ProjectConfigurationPlatforms) = postSolution
		{EB493939-390A-4D0E-B7E0-910B49D715DD}.Debug|Any CPU.ActiveCfg = Debug|Any CPU
		{EB493939-390A-4D0E-B7E0-910B49D715DD}.Debug|Any CPU.Build.0 = Debug|Any CPU
		{EB493939-390A-4D0E-B7E0-910B49D715DD}.Release|Any CPU.ActiveCfg = Release|Any CPU
		{EB493939-390A-4D0E-B7E0-910B49D715DD}.Release|Any CPU.Build.0 = Release|Any CPU
	EndGlobalSection
	GlobalSection(SolutionProperties) = preSolution
		HideSolutionNode = FALSE
	EndGlobalSection
EndGlobal
